
Microsoft Visual Studio Solution File, Format Version 12.00
# Visual Studio 15
VisualStudioVersion = 15.0.28307.329
MinimumVisualStudioVersion = 10.0.40219.1
Project("{FAE04EC0-301F-11D3-BF4B-00C04F79EFBC}") = "Asda", "Asda\Asda.csproj", "{EE534B3E-E7FE-4B6B-95D3-DC5BE81571CC}"
EndProject
Global
	GlobalSection(SolutionConfigurationPlatforms) = preSolution
		Debug|Any CPU = Debug|Any CPU
		Release|Any CPU = Release|Any CPU
	EndGlobalSection
	GlobalSection(ProjectConfigurationPlatforms) = postSolution
		{EE534B3E-E7FE-4B6B-95D3-DC5BE81571CC}.Debug|Any CPU.ActiveCfg = Debug|Any CPU
		{EE534B3E-E7FE-4B6B-95D3-DC5BE81571CC}.Debug|Any CPU.Build.0 = Debug|Any CPU
		{EE534B3E-E7FE-4B6B-95D3-DC5BE81571CC}.Release|Any CPU.ActiveCfg = Release|Any CPU
		{EE534B3E-E7FE-4B6B-95D3-DC5BE81571CC}.Release|Any CPU.Build.0 = Release|Any CPU
	EndGlobalSection
	GlobalSection(SolutionProperties) = preSolution
		HideSolutionNode = FALSE
	EndGlobalSection
	GlobalSection(ExtensibilityGlobals) = postSolution
		SolutionGuid = {427DD434-A503-461E-A1DF-C9CA7B5D342B}
	EndGlobalSection
EndGlobal
